
Microsoft Visual Studio Solution File, Format Version 12.00
# Visual Studio Version 16
VisualStudioVersion = 16.0.33423.256
MinimumVisualStudioVersion = 10.0.40219.1
Project("{FAE04EC0-301F-11D3-BF4B-00C04F79EFBC}") = "ConsoleApp1", "ConsoleApp1\ConsoleApp1.csproj", "{3CAA4D6F-DA2A-49BA-A562-F3B344E40A11}"
EndProject
Global
	GlobalSection(SolutionConfigurationPlatforms) = preSolution
		Debug|Any CPU = Debug|Any CPU
		Release|Any CPU = Release|Any CPU
	EndGlobalSection
	GlobalSection(ProjectConfigurationPlatforms) = postSolution
		{3CAA4D6F-DA2A-49BA-A562-F3B344E40A11}.Debug|Any CPU.ActiveCfg = Debug|Any CPU
		{3CAA4D6F-DA2A-49BA-A562-F3B344E40A11}.Debug|Any CPU.Build.0 = Debug|Any CPU
		{3CAA4D6F-DA2A-49BA-A562-F3B344E40A11}.Release|Any CPU.ActiveCfg = Release|Any CPU
		{3CAA4D6F-DA2A-49BA-A562-F3B344E40A11}.Release|Any CPU.Build.0 = Release|Any CPU
	EndGlobalSection
	GlobalSection(SolutionProperties) = preSolution
		HideSolutionNode = FALSE
	EndGlobalSection
	GlobalSection(ExtensibilityGlobals) = postSolution
		SolutionGuid = {C2EB3EE4-97DE-438B-8831-68CABEF53C24}
	EndGlobalSection
EndGlobal
