
Microsoft Visual Studio Solution File, Format Version 12.00
# Visual Studio Version 16
VisualStudioVersion = 16.0.33423.256
MinimumVisualStudioVersion = 10.0.40219.1
Project("{FAE04EC0-301F-11D3-BF4B-00C04F79EFBC}") = "uams", "uams\uams.csproj", "{6852E240-5D8A-4F26-8A56-490C9F67C53A}"
EndProject
Global
	GlobalSection(SolutionConfigurationPlatforms) = preSolution
		Debug|Any CPU = Debug|Any CPU
		Release|Any CPU = Release|Any CPU
	EndGlobalSection
	GlobalSection(ProjectConfigurationPlatforms) = postSolution
		{6852E240-5D8A-4F26-8A56-490C9F67C53A}.Debug|Any CPU.ActiveCfg = Debug|Any CPU
		{6852E240-5D8A-4F26-8A56-490C9F67C53A}.Debug|Any CPU.Build.0 = Debug|Any CPU
		{6852E240-5D8A-4F26-8A56-490C9F67C53A}.Release|Any CPU.ActiveCfg = Release|Any CPU
		{6852E240-5D8A-4F26-8A56-490C9F67C53A}.Release|Any CPU.Build.0 = Release|Any CPU
	EndGlobalSection
	GlobalSection(SolutionProperties) = preSolution
		HideSolutionNode = FALSE
	EndGlobalSection
	GlobalSection(ExtensibilityGlobals) = postSolution
		SolutionGuid = {801EF955-4DDC-479A-8A36-683A80345C51}
	EndGlobalSection
EndGlobal
